
Microsoft Visual Studio Solution File, Format Version 12.00
# Visual Studio Version 16
VisualStudioVersion = 16.0.35826.135
MinimumVisualStudioVersion = 10.0.40219.1
Project("{FAE04EC0-301F-11D3-BF4B-00C04F79EFBC}") = "WindowsFormsApp32", "WindowsFormsApp32.csproj", "{10214603-D3CB-4940-841C-32A641A61CAC}"
EndProject
Global
	GlobalSection(SolutionConfigurationPlatforms) = preSolution
		Debug|Any CPU = Debug|Any CPU
		Release|Any CPU = Release|Any CPU
	EndGlobalSection
	GlobalSection(ProjectConfigurationPlatforms) = postSolution
		{10214603-D3CB-4940-841C-32A641A61CAC}.Debug|Any CPU.ActiveCfg = Debug|Any CPU
		{10214603-D3CB-4940-841C-32A641A61CAC}.Debug|Any CPU.Build.0 = Debug|Any CPU
		{10214603-D3CB-4940-841C-32A641A61CAC}.Release|Any CPU.ActiveCfg = Release|Any CPU
		{10214603-D3CB-4940-841C-32A641A61CAC}.Release|Any CPU.Build.0 = Release|Any CPU
	EndGlobalSection
	GlobalSection(SolutionProperties) = preSolution
		HideSolutionNode = FALSE
	EndGlobalSection
	GlobalSection(ExtensibilityGlobals) = postSolution
		SolutionGuid = {EA98ACCB-19C6-4E0A-B8F8-6CFFCCB2ACA5}
	EndGlobalSection
EndGlobal
